
Microsoft Visual Studio Solution File, Format Version 12.00
# Visual Studio Version 17
VisualStudioVersion = 17.9.34728.123
MinimumVisualStudioVersion = 10.0.40219.1
Project("{FAE04EC0-301F-11D3-BF4B-00C04F79EFBC}") = "Elinor-Biology", "Elinor-Biology\Elinor-Biology.csproj", "{96B51A87-9C3B-4A37-B4A3-6FE19588CA37}"
EndProject
Global
	GlobalSection(SolutionConfigurationPlatforms) = preSolution
		Debug|Any CPU = Debug|Any CPU
		Release|Any CPU = Release|Any CPU
	EndGlobalSection
	GlobalSection(ProjectConfigurationPlatforms) = postSolution
		{96B51A87-9C3B-4A37-B4A3-6FE19588CA37}.Debug|Any CPU.ActiveCfg = Debug|Any CPU
		{96B51A87-9C3B-4A37-B4A3-6FE19588CA37}.Debug|Any CPU.Build.0 = Debug|Any CPU
		{96B51A87-9C3B-4A37-B4A3-6FE19588CA37}.Release|Any CPU.ActiveCfg = Release|Any CPU
		{96B51A87-9C3B-4A37-B4A3-6FE19588CA37}.Release|Any CPU.Build.0 = Release|Any CPU
	EndGlobalSection
	GlobalSection(SolutionProperties) = preSolution
		HideSolutionNode = FALSE
	EndGlobalSection
	GlobalSection(ExtensibilityGlobals) = postSolution
		SolutionGuid = {E8275464-01F9-4A18-8FF3-EEE76307A633}
	EndGlobalSection
EndGlobal
